
Microsoft Visual Studio Solution File, Format Version 12.00
# Visual Studio Version 17
VisualStudioVersion = 17.11.35312.102
MinimumVisualStudioVersion = 10.0.40219.1
Project("{FAE04EC0-301F-11D3-BF4B-00C04F79EFBC}") = "Telstrore", "Telstrore\Telstrore.csproj", "{EB49E297-B75F-45B6-9F1D-C3B53027D56D}"
EndProject
Global
	GlobalSection(SolutionConfigurationPlatforms) = preSolution
		Debug|Any CPU = Debug|Any CPU
		Release|Any CPU = Release|Any CPU
	EndGlobalSection
	GlobalSection(ProjectConfigurationPlatforms) = postSolution
		{EB49E297-B75F-45B6-9F1D-C3B53027D56D}.Debug|Any CPU.ActiveCfg = Debug|Any CPU
		{EB49E297-B75F-45B6-9F1D-C3B53027D56D}.Debug|Any CPU.Build.0 = Debug|Any CPU
		{EB49E297-B75F-45B6-9F1D-C3B53027D56D}.Release|Any CPU.ActiveCfg = Release|Any CPU
		{EB49E297-B75F-45B6-9F1D-C3B53027D56D}.Release|Any CPU.Build.0 = Release|Any CPU
	EndGlobalSection
	GlobalSection(SolutionProperties) = preSolution
		HideSolutionNode = FALSE
	EndGlobalSection
	GlobalSection(ExtensibilityGlobals) = postSolution
		SolutionGuid = {80CF3D9B-6663-44D3-9B0D-F84923BC5D1B}
	EndGlobalSection
EndGlobal
